// !$*UTF8*$!
{
	archiveVersion = 1;
	classes = {
	};
	objectVersion = 46;
	objects = {

/* Begin PBXBuildFile section */
		5C5E78E91E858A66004A0A6F /* JSONCache.framework in Frameworks */ = {isa = PBXBuildFile; fileRef = 5CA96C491E7EBF300086BA87 /* JSONCache.framework */; };
		5C5E78EA1E858A66004A0A6F /* JSONCache.framework in Embed Frameworks */ = {isa = PBXBuildFile; fileRef = 5CA96C491E7EBF300086BA87 /* JSONCache.framework */; settings = {ATTRIBUTES = (CodeSignOnCopy, RemoveHeadersOnCopy, ); }; };
		5CA96C531E7EBF300086BA87 /* JSONCache.framework in Frameworks */ = {isa = PBXBuildFile; fileRef = 5CA96C491E7EBF300086BA87 /* JSONCache.framework */; };
		5CA96C581E7EBF300086BA87 /* JSONCacheTests.swift in Sources */ = {isa = PBXBuildFile; fileRef = 5CA96C571E7EBF300086BA87 /* JSONCacheTests.swift */; };
		5CA96C5A1E7EBF300086BA87 /* JSONCache.h in Headers */ = {isa = PBXBuildFile; fileRef = 5CA96C4C1E7EBF300086BA87 /* JSONCache.h */; settings = {ATTRIBUTES = (Public, ); }; };
		5CA96C641E7EBFDA0086BA87 /* JSONCache.swift in Sources */ = {isa = PBXBuildFile; fileRef = 5CA96C631E7EBFDA0086BA87 /* JSONCache.swift */; };
		5CA96C661E7EC0200086BA87 /* JSONConverter.swift in Sources */ = {isa = PBXBuildFile; fileRef = 5CA96C651E7EC0200086BA87 /* JSONConverter.swift */; };
		5CA96C681E7EC0440086BA87 /* JSONifiable.swift in Sources */ = {isa = PBXBuildFile; fileRef = 5CA96C671E7EC0440086BA87 /* JSONifiable.swift */; };
		5CA96C6B1E7EC0820086BA87 /* Date+JSONCache.swift in Sources */ = {isa = PBXBuildFile; fileRef = 5CA96C6A1E7EC0820086BA87 /* Date+JSONCache.swift */; };
		5CA96C6D1E7EC09C0086BA87 /* DateFormatter+JSONCache.swift in Sources */ = {isa = PBXBuildFile; fileRef = 5CA96C6C1E7EC09C0086BA87 /* DateFormatter+JSONCache.swift */; };
		5CA96C6F1E7EC0B90086BA87 /* NSAttributeDescription+JSONCache.swift in Sources */ = {isa = PBXBuildFile; fileRef = 5CA96C6E1E7EC0B90086BA87 /* NSAttributeDescription+JSONCache.swift */; };
		5CA96C711E7EC0D20086BA87 /* NSEntityDescription+JSONCache.swift in Sources */ = {isa = PBXBuildFile; fileRef = 5CA96C701E7EC0D20086BA87 /* NSEntityDescription+JSONCache.swift */; };
		5CA96C731E7EC0EC0086BA87 /* NSManagedObject+JSONCache.swift in Sources */ = {isa = PBXBuildFile; fileRef = 5CA96C721E7EC0EC0086BA87 /* NSManagedObject+JSONCache.swift */; };
		5CA96C761E7EC2850086BA87 /* JSONCacheTests.xcdatamodeld in Sources */ = {isa = PBXBuildFile; fileRef = 5CA96C741E7EC2850086BA87 /* JSONCacheTests.xcdatamodeld */; };
		5CA96C7A1E7EC3090086BA87 /* bands.json in Resources */ = {isa = PBXBuildFile; fileRef = 5CA96C791E7EC3090086BA87 /* bands.json */; };
		5CA96C831E7ED6B10086BA87 /* AppDelegate.swift in Sources */ = {isa = PBXBuildFile; fileRef = 5CA96C821E7ED6B10086BA87 /* AppDelegate.swift */; };
		5CA96C851E7ED6B10086BA87 /* ViewController.swift in Sources */ = {isa = PBXBuildFile; fileRef = 5CA96C841E7ED6B10086BA87 /* ViewController.swift */; };
		5CA96C881E7ED6B10086BA87 /* Main.storyboard in Resources */ = {isa = PBXBuildFile; fileRef = 5CA96C861E7ED6B10086BA87 /* Main.storyboard */; };
		5CA96C8D1E7ED6B10086BA87 /* Assets.xcassets in Resources */ = {isa = PBXBuildFile; fileRef = 5CA96C8C1E7ED6B10086BA87 /* Assets.xcassets */; };
		5CA96C901E7ED6B10086BA87 /* LaunchScreen.storyboard in Resources */ = {isa = PBXBuildFile; fileRef = 5CA96C8E1E7ED6B10086BA87 /* LaunchScreen.storyboard */; };
		5CA96C991E7ED9430086BA87 /* bands.json in Resources */ = {isa = PBXBuildFile; fileRef = 5CA96C981E7ED9430086BA87 /* bands.json */; };
		5CA96C9C1E7ED9B00086BA87 /* JSONCacheTests.xcdatamodeld in Sources */ = {isa = PBXBuildFile; fileRef = 5CA96C9A1E7ED9B00086BA87 /* JSONCacheTests.xcdatamodeld */; };
/* End PBXBuildFile section */

/* Begin PBXContainerItemProxy section */
		5C5E78EB1E858A66004A0A6F /* PBXContainerItemProxy */ = {
			isa = PBXContainerItemProxy;
			containerPortal = 5CA96C401E7EBF300086BA87 /* Project object */;
			proxyType = 1;
			remoteGlobalIDString = 5CA96C481E7EBF300086BA87;
			remoteInfo = JSONCache;
		};
		5CA96C541E7EBF300086BA87 /* PBXContainerItemProxy */ = {
			isa = PBXContainerItemProxy;
			containerPortal = 5CA96C401E7EBF300086BA87 /* Project object */;
			proxyType = 1;
			remoteGlobalIDString = 5CA96C481E7EBF300086BA87;
			remoteInfo = DataCache;
		};
/* End PBXContainerItemProxy section */

/* Begin PBXCopyFilesBuildPhase section */
		5C5E78ED1E858A66004A0A6F /* Embed Frameworks */ = {
			isa = PBXCopyFilesBuildPhase;
			buildActionMask = 2147483647;
			dstPath = "";
			dstSubfolderSpec = 10;
			files = (
				5C5E78EA1E858A66004A0A6F /* JSONCache.framework in Embed Frameworks */,
			);
			name = "Embed Frameworks";
			runOnlyForDeploymentPostprocessing = 0;
		};
/* End PBXCopyFilesBuildPhase section */

/* Begin PBXFileReference section */
		5C5226551E85282200ACA1DB /* Result.framework */ = {isa = PBXFileReference; lastKnownFileType = wrapper.framework; name = Result.framework; path = Carthage/Build/iOS/Result.framework; sourceTree = "<group>"; };
		5C5226571E85282700ACA1DB /* Result.framework */ = {isa = PBXFileReference; lastKnownFileType = wrapper.framework; name = Result.framework; path = Carthage/Build/Mac/Result.framework; sourceTree = "<group>"; };
		5C5226591E85282B00ACA1DB /* Result.framework */ = {isa = PBXFileReference; lastKnownFileType = wrapper.framework; name = Result.framework; path = Carthage/Build/tvOS/Result.framework; sourceTree = "<group>"; };
		5C52265B1E85283100ACA1DB /* Result.framework */ = {isa = PBXFileReference; lastKnownFileType = wrapper.framework; name = Result.framework; path = Carthage/Build/watchOS/Result.framework; sourceTree = "<group>"; };
		5C5226601E85345B00ACA1DB /* Carthage.xcconfig */ = {isa = PBXFileReference; lastKnownFileType = text.xcconfig; path = Carthage.xcconfig; sourceTree = "<group>"; };
		5CA96C491E7EBF300086BA87 /* JSONCache.framework */ = {isa = PBXFileReference; explicitFileType = wrapper.framework; includeInIndex = 0; path = JSONCache.framework; sourceTree = BUILT_PRODUCTS_DIR; };
		5CA96C4C1E7EBF300086BA87 /* JSONCache.h */ = {isa = PBXFileReference; lastKnownFileType = sourcecode.c.h; path = JSONCache.h; sourceTree = "<group>"; };
		5CA96C4D1E7EBF300086BA87 /* Info.plist */ = {isa = PBXFileReference; lastKnownFileType = text.plist.xml; path = Info.plist; sourceTree = "<group>"; };
		5CA96C521E7EBF300086BA87 /* JSONCacheTests.xctest */ = {isa = PBXFileReference; explicitFileType = wrapper.cfbundle; includeInIndex = 0; path = JSONCacheTests.xctest; sourceTree = BUILT_PRODUCTS_DIR; };
		5CA96C571E7EBF300086BA87 /* JSONCacheTests.swift */ = {isa = PBXFileReference; lastKnownFileType = sourcecode.swift; path = JSONCacheTests.swift; sourceTree = "<group>"; };
		5CA96C591E7EBF300086BA87 /* Info.plist */ = {isa = PBXFileReference; lastKnownFileType = text.plist.xml; path = Info.plist; sourceTree = "<group>"; };
		5CA96C631E7EBFDA0086BA87 /* JSONCache.swift */ = {isa = PBXFileReference; fileEncoding = 4; lastKnownFileType = sourcecode.swift; path = JSONCache.swift; sourceTree = "<group>"; };
		5CA96C651E7EC0200086BA87 /* JSONConverter.swift */ = {isa = PBXFileReference; fileEncoding = 4; lastKnownFileType = sourcecode.swift; path = JSONConverter.swift; sourceTree = "<group>"; };
		5CA96C671E7EC0440086BA87 /* JSONifiable.swift */ = {isa = PBXFileReference; fileEncoding = 4; lastKnownFileType = sourcecode.swift; path = JSONifiable.swift; sourceTree = "<group>"; };
		5CA96C6A1E7EC0820086BA87 /* Date+JSONCache.swift */ = {isa = PBXFileReference; fileEncoding = 4; lastKnownFileType = sourcecode.swift; path = "Date+JSONCache.swift"; sourceTree = "<group>"; };
		5CA96C6C1E7EC09C0086BA87 /* DateFormatter+JSONCache.swift */ = {isa = PBXFileReference; fileEncoding = 4; lastKnownFileType = sourcecode.swift; path = "DateFormatter+JSONCache.swift"; sourceTree = "<group>"; };
		5CA96C6E1E7EC0B90086BA87 /* NSAttributeDescription+JSONCache.swift */ = {isa = PBXFileReference; fileEncoding = 4; lastKnownFileType = sourcecode.swift; path = "NSAttributeDescription+JSONCache.swift"; sourceTree = "<group>"; };
		5CA96C701E7EC0D20086BA87 /* NSEntityDescription+JSONCache.swift */ = {isa = PBXFileReference; fileEncoding = 4; lastKnownFileType = sourcecode.swift; path = "NSEntityDescription+JSONCache.swift"; sourceTree = "<group>"; };
		5CA96C721E7EC0EC0086BA87 /* NSManagedObject+JSONCache.swift */ = {isa = PBXFileReference; fileEncoding = 4; lastKnownFileType = sourcecode.swift; path = "NSManagedObject+JSONCache.swift"; sourceTree = "<group>"; };
		5CA96C751E7EC2850086BA87 /* JSONCacheTests.xcdatamodel */ = {isa = PBXFileReference; lastKnownFileType = wrapper.xcdatamodel; path = JSONCacheTests.xcdatamodel; sourceTree = "<group>"; };
		5CA96C791E7EC3090086BA87 /* bands.json */ = {isa = PBXFileReference; fileEncoding = 4; lastKnownFileType = text.json; path = bands.json; sourceTree = "<group>"; };
		5CA96C801E7ED6B10086BA87 /* UsageExample.app */ = {isa = PBXFileReference; explicitFileType = wrapper.application; includeInIndex = 0; path = UsageExample.app; sourceTree = BUILT_PRODUCTS_DIR; };
		5CA96C821E7ED6B10086BA87 /* AppDelegate.swift */ = {isa = PBXFileReference; lastKnownFileType = sourcecode.swift; path = AppDelegate.swift; sourceTree = "<group>"; };
		5CA96C841E7ED6B10086BA87 /* ViewController.swift */ = {isa = PBXFileReference; lastKnownFileType = sourcecode.swift; path = ViewController.swift; sourceTree = "<group>"; };
		5CA96C871E7ED6B10086BA87 /* Base */ = {isa = PBXFileReference; lastKnownFileType = file.storyboard; name = Base; path = Base.lproj/Main.storyboard; sourceTree = "<group>"; };
		5CA96C8C1E7ED6B10086BA87 /* Assets.xcassets */ = {isa = PBXFileReference; lastKnownFileType = folder.assetcatalog; path = Assets.xcassets; sourceTree = "<group>"; };
		5CA96C8F1E7ED6B10086BA87 /* Base */ = {isa = PBXFileReference; lastKnownFileType = file.storyboard; name = Base; path = Base.lproj/LaunchScreen.storyboard; sourceTree = "<group>"; };
		5CA96C911E7ED6B10086BA87 /* Info.plist */ = {isa = PBXFileReference; lastKnownFileType = text.plist.xml; path = Info.plist; sourceTree = "<group>"; };
		5CA96C981E7ED9430086BA87 /* bands.json */ = {isa = PBXFileReference; fileEncoding = 4; lastKnownFileType = text.json; path = bands.json; sourceTree = "<group>"; };
		5CA96C9B1E7ED9B00086BA87 /* JSONCacheTests.xcdatamodel */ = {isa = PBXFileReference; lastKnownFileType = wrapper.xcdatamodel; path = JSONCacheTests.xcdatamodel; sourceTree = "<group>"; };
/* End PBXFileReference section */

/* Begin PBXFrameworksBuildPhase section */
		5CA96C451E7EBF300086BA87 /* Frameworks */ = {
			isa = PBXFrameworksBuildPhase;
			buildActionMask = 2147483647;
			files = (
			);
			runOnlyForDeploymentPostprocessing = 0;
		};
		5CA96C4F1E7EBF300086BA87 /* Frameworks */ = {
			isa = PBXFrameworksBuildPhase;
			buildActionMask = 2147483647;
			files = (
				5CA96C531E7EBF300086BA87 /* JSONCache.framework in Frameworks */,
			);
			runOnlyForDeploymentPostprocessing = 0;
		};
		5CA96C7D1E7ED6B10086BA87 /* Frameworks */ = {
			isa = PBXFrameworksBuildPhase;
			buildActionMask = 2147483647;
			files = (
				5C5E78E91E858A66004A0A6F /* JSONCache.framework in Frameworks */,
			);
			runOnlyForDeploymentPostprocessing = 0;
		};
/* End PBXFrameworksBuildPhase section */

/* Begin PBXGroup section */
		5C5226541E85282200ACA1DB /* Frameworks */ = {
			isa = PBXGroup;
			children = (
				5C52265B1E85283100ACA1DB /* Result.framework */,
				5C5226591E85282B00ACA1DB /* Result.framework */,
				5C5226571E85282700ACA1DB /* Result.framework */,
				5C5226551E85282200ACA1DB /* Result.framework */,
			);
			name = Frameworks;
			sourceTree = "<group>";
		};
		5CA96C3F1E7EBF300086BA87 = {
			isa = PBXGroup;
			children = (
				5C5226601E85345B00ACA1DB /* Carthage.xcconfig */,
				5CA96C4B1E7EBF300086BA87 /* JSONCache */,
				5CA96C561E7EBF300086BA87 /* JSONCacheTests */,
				5CA96C811E7ED6B10086BA87 /* UsageExample */,
				5CA96C4A1E7EBF300086BA87 /* Products */,
				5C5226541E85282200ACA1DB /* Frameworks */,
			);
			sourceTree = "<group>";
		};
		5CA96C4A1E7EBF300086BA87 /* Products */ = {
			isa = PBXGroup;
			children = (
				5CA96C491E7EBF300086BA87 /* JSONCache.framework */,
				5CA96C521E7EBF300086BA87 /* JSONCacheTests.xctest */,
				5CA96C801E7ED6B10086BA87 /* UsageExample.app */,
			);
			name = Products;
			sourceTree = "<group>";
		};
		5CA96C4B1E7EBF300086BA87 /* JSONCache */ = {
			isa = PBXGroup;
			children = (
				5CA96C691E7EC0640086BA87 /* Extensions */,
				5CA96C4C1E7EBF300086BA87 /* JSONCache.h */,
				5CA96C631E7EBFDA0086BA87 /* JSONCache.swift */,
				5CA96C651E7EC0200086BA87 /* JSONConverter.swift */,
				5CA96C671E7EC0440086BA87 /* JSONifiable.swift */,
				5CA96C4D1E7EBF300086BA87 /* Info.plist */,
			);
			path = JSONCache;
			sourceTree = "<group>";
		};
		5CA96C561E7EBF300086BA87 /* JSONCacheTests */ = {
			isa = PBXGroup;
			children = (
				5CA96C571E7EBF300086BA87 /* JSONCacheTests.swift */,
				5CA96C741E7EC2850086BA87 /* JSONCacheTests.xcdatamodeld */,
				5CA96C791E7EC3090086BA87 /* bands.json */,
				5CA96C591E7EBF300086BA87 /* Info.plist */,
			);
			path = JSONCacheTests;
			sourceTree = "<group>";
		};
		5CA96C691E7EC0640086BA87 /* Extensions */ = {
			isa = PBXGroup;
			children = (
				5CA96C6A1E7EC0820086BA87 /* Date+JSONCache.swift */,
				5CA96C6C1E7EC09C0086BA87 /* DateFormatter+JSONCache.swift */,
				5CA96C6E1E7EC0B90086BA87 /* NSAttributeDescription+JSONCache.swift */,
				5CA96C701E7EC0D20086BA87 /* NSEntityDescription+JSONCache.swift */,
				5CA96C721E7EC0EC0086BA87 /* NSManagedObject+JSONCache.swift */,
			);
			path = Extensions;
			sourceTree = "<group>";
		};
		5CA96C811E7ED6B10086BA87 /* UsageExample */ = {
			isa = PBXGroup;
			children = (
				5CA96C821E7ED6B10086BA87 /* AppDelegate.swift */,
				5CA96C841E7ED6B10086BA87 /* ViewController.swift */,
				5CA96C861E7ED6B10086BA87 /* Main.storyboard */,
				5CA96C8E1E7ED6B10086BA87 /* LaunchScreen.storyboard */,
				5CA96C9A1E7ED9B00086BA87 /* JSONCacheTests.xcdatamodeld */,
				5CA96C981E7ED9430086BA87 /* bands.json */,
				5CA96C8C1E7ED6B10086BA87 /* Assets.xcassets */,
				5CA96C911E7ED6B10086BA87 /* Info.plist */,
			);
			path = UsageExample;
			sourceTree = "<group>";
		};
/* End PBXGroup section */

/* Begin PBXHeadersBuildPhase section */
		5CA96C461E7EBF300086BA87 /* Headers */ = {
			isa = PBXHeadersBuildPhase;
			buildActionMask = 2147483647;
			files = (
				5CA96C5A1E7EBF300086BA87 /* JSONCache.h in Headers */,
			);
			runOnlyForDeploymentPostprocessing = 0;
		};
/* End PBXHeadersBuildPhase section */

/* Begin PBXNativeTarget section */
		5CA96C481E7EBF300086BA87 /* JSONCache */ = {
			isa = PBXNativeTarget;
			buildConfigurationList = 5CA96C5D1E7EBF300086BA87 /* Build configuration list for PBXNativeTarget "JSONCache" */;
			buildPhases = (
				5CA96C441E7EBF300086BA87 /* Sources */,
				5CA96C451E7EBF300086BA87 /* Frameworks */,
				5CA96C461E7EBF300086BA87 /* Headers */,
				5CA96C471E7EBF300086BA87 /* Resources */,
			);
			buildRules = (
			);
			dependencies = (
			);
			name = JSONCache;
			productName = JSONCache;
			productReference = 5CA96C491E7EBF300086BA87 /* JSONCache.framework */;
			productType = "com.apple.product-type.framework";
		};
		5CA96C511E7EBF300086BA87 /* JSONCacheTests */ = {
			isa = PBXNativeTarget;
			buildConfigurationList = 5CA96C601E7EBF300086BA87 /* Build configuration list for PBXNativeTarget "JSONCacheTests" */;
			buildPhases = (
				5CA96C4E1E7EBF300086BA87 /* Sources */,
				5CA96C4F1E7EBF300086BA87 /* Frameworks */,
				5CA96C501E7EBF300086BA87 /* Resources */,
				5C5226521E8525AF00ACA1DB /* Copy Carthage Frameworks */,
			);
			buildRules = (
			);
			dependencies = (
				5CA96C551E7EBF300086BA87 /* PBXTargetDependency */,
			);
			name = JSONCacheTests;
			productName = JSONCacheTests;
			productReference = 5CA96C521E7EBF300086BA87 /* JSONCacheTests.xctest */;
			productType = "com.apple.product-type.bundle.unit-test";
		};
		5CA96C7F1E7ED6B10086BA87 /* UsageExample */ = {
			isa = PBXNativeTarget;
			buildConfigurationList = 5CA96C921E7ED6B10086BA87 /* Build configuration list for PBXNativeTarget "UsageExample" */;
			buildPhases = (
				5CA96C7C1E7ED6B10086BA87 /* Sources */,
				5CA96C7D1E7ED6B10086BA87 /* Frameworks */,
				5CA96C7E1E7ED6B10086BA87 /* Resources */,
				5C52266A1E8538FD00ACA1DB /* Copy Carthage Frameworks */,
				5C5E78ED1E858A66004A0A6F /* Embed Frameworks */,
			);
			buildRules = (
			);
			dependencies = (
				5C5E78EC1E858A66004A0A6F /* PBXTargetDependency */,
			);
			name = UsageExample;
			productName = UsageExample;
			productReference = 5CA96C801E7ED6B10086BA87 /* UsageExample.app */;
			productType = "com.apple.product-type.application";
		};
/* End PBXNativeTarget section */

/* Begin PBXProject section */
		5CA96C401E7EBF300086BA87 /* Project object */ = {
			isa = PBXProject;
			attributes = {
				LastSwiftUpdateCheck = 0820;
				LastUpgradeCheck = 0820;
				ORGANIZATIONNAME = "Anders Blehr";
				TargetAttributes = {
					5CA96C481E7EBF300086BA87 = {
						CreatedOnToolsVersion = 8.2.1;
						LastSwiftMigration = 0820;
						ProvisioningStyle = Automatic;
					};
					5CA96C511E7EBF300086BA87 = {
						CreatedOnToolsVersion = 8.2.1;
						DevelopmentTeam = 68M9JL23T5;
						ProvisioningStyle = Automatic;
					};
					5CA96C7F1E7ED6B10086BA87 = {
						CreatedOnToolsVersion = 8.2.1;
						DevelopmentTeam = 68M9JL23T5;
						ProvisioningStyle = Manual;
					};
				};
			};
			buildConfigurationList = 5CA96C431E7EBF300086BA87 /* Build configuration list for PBXProject "JSONCache" */;
			compatibilityVersion = "Xcode 3.2";
			developmentRegion = English;
			hasScannedForEncodings = 0;
			knownRegions = (
				en,
				Base,
			);
			mainGroup = 5CA96C3F1E7EBF300086BA87;
			productRefGroup = 5CA96C4A1E7EBF300086BA87 /* Products */;
			projectDirPath = "";
			projectRoot = "";
			targets = (
				5CA96C481E7EBF300086BA87 /* JSONCache */,
				5CA96C511E7EBF300086BA87 /* JSONCacheTests */,
				5CA96C7F1E7ED6B10086BA87 /* UsageExample */,
			);
		};
/* End PBXProject section */

/* Begin PBXResourcesBuildPhase section */
		5CA96C471E7EBF300086BA87 /* Resources */ = {
			isa = PBXResourcesBuildPhase;
			buildActionMask = 2147483647;
			files = (
			);
			runOnlyForDeploymentPostprocessing = 0;
		};
		5CA96C501E7EBF300086BA87 /* Resources */ = {
			isa = PBXResourcesBuildPhase;
			buildActionMask = 2147483647;
			files = (
				5CA96C7A1E7EC3090086BA87 /* bands.json in Resources */,
			);
			runOnlyForDeploymentPostprocessing = 0;
		};
		5CA96C7E1E7ED6B10086BA87 /* Resources */ = {
			isa = PBXResourcesBuildPhase;
			buildActionMask = 2147483647;
			files = (
				5CA96C901E7ED6B10086BA87 /* LaunchScreen.storyboard in Resources */,
				5CA96C8D1E7ED6B10086BA87 /* Assets.xcassets in Resources */,
				5CA96C991E7ED9430086BA87 /* bands.json in Resources */,
				5CA96C881E7ED6B10086BA87 /* Main.storyboard in Resources */,
			);
			runOnlyForDeploymentPostprocessing = 0;
		};
/* End PBXResourcesBuildPhase section */

/* Begin PBXShellScriptBuildPhase section */
		5C5226521E8525AF00ACA1DB /* Copy Carthage Frameworks */ = {
			isa = PBXShellScriptBuildPhase;
			buildActionMask = 2147483647;
			files = (
			);
			inputPaths = (
				Result,
			);
			name = "Copy Carthage Frameworks";
			outputPaths = (
			);
			runOnlyForDeploymentPostprocessing = 0;
			shellPath = /bin/sh;
			shellScript = "case \"$PLATFORM_NAME\" in\nmacosx) plat=Mac;;\niphone*) plat=iOS;;\nwatch*) plat=watchOS;;\ntv*) plat=tvOS;;\nappletv*) plat=tvOS;;\n*) echo \"error: Unknown PLATFORM_NAME: $PLATFORM_NAME\"; exit 1;;\nesac\nfor (( n = 0; n < SCRIPT_INPUT_FILE_COUNT; n++ )); do\nVAR=SCRIPT_INPUT_FILE_$n\nframework=$(basename \"${!VAR}\")\nexport SCRIPT_INPUT_FILE_$n=\"$SRCROOT\"/Carthage/Build/$plat/\"$framework\".framework\ndone\n\n/usr/local/bin/carthage copy-frameworks || exit\n\nfor (( n = 0; n < SCRIPT_INPUT_FILE_COUNT; n++ )); do\nVAR=SCRIPT_INPUT_FILE_$n\nsource=${!VAR}.dSYM\ndest=${BUILT_PRODUCTS_DIR}/$(basename \"$source\")\nditto \"$source\" \"$dest\" || exit\ndone";
			showEnvVarsInLog = 0;
		};
		5C52266A1E8538FD00ACA1DB /* Copy Carthage Frameworks */ = {
			isa = PBXShellScriptBuildPhase;
			buildActionMask = 2147483647;
			files = (
			);
			inputPaths = (
				Result,
			);
			name = "Copy Carthage Frameworks";
			outputPaths = (
			);
			runOnlyForDeploymentPostprocessing = 0;
			shellPath = /bin/sh;
			shellScript = "case \"$PLATFORM_NAME\" in\nmacosx) plat=Mac;;\niphone*) plat=iOS;;\nwatch*) plat=watchOS;;\ntv*) plat=tvOS;;\nappletv*) plat=tvOS;;\n*) echo \"error: Unknown PLATFORM_NAME: $PLATFORM_NAME\"; exit 1;;\nesac\nfor (( n = 0; n < SCRIPT_INPUT_FILE_COUNT; n++ )); do\nVAR=SCRIPT_INPUT_FILE_$n\nframework=$(basename \"${!VAR}\")\nexport SCRIPT_INPUT_FILE_$n=\"$SRCROOT\"/Carthage/Build/$plat/\"$framework\".framework\ndone\n\n/usr/local/bin/carthage copy-frameworks || exit\n\nfor (( n = 0; n < SCRIPT_INPUT_FILE_COUNT; n++ )); do\nVAR=SCRIPT_INPUT_FILE_$n\nsource=${!VAR}.dSYM\ndest=${BUILT_PRODUCTS_DIR}/$(basename \"$source\")\nditto \"$source\" \"$dest\" || exit\ndone";
		};
/* End PBXShellScriptBuildPhase section */

/* Begin PBXSourcesBuildPhase section */
		5CA96C441E7EBF300086BA87 /* Sources */ = {
			isa = PBXSourcesBuildPhase;
			buildActionMask = 2147483647;
			files = (
				5CA96C731E7EC0EC0086BA87 /* NSManagedObject+JSONCache.swift in Sources */,
				5CA96C6D1E7EC09C0086BA87 /* DateFormatter+JSONCache.swift in Sources */,
				5CA96C6F1E7EC0B90086BA87 /* NSAttributeDescription+JSONCache.swift in Sources */,
				5CA96C661E7EC0200086BA87 /* JSONConverter.swift in Sources */,
				5CA96C711E7EC0D20086BA87 /* NSEntityDescription+JSONCache.swift in Sources */,
				5CA96C681E7EC0440086BA87 /* JSONifiable.swift in Sources */,
				5CA96C6B1E7EC0820086BA87 /* Date+JSONCache.swift in Sources */,
				5CA96C641E7EBFDA0086BA87 /* JSONCache.swift in Sources */,
			);
			runOnlyForDeploymentPostprocessing = 0;
		};
		5CA96C4E1E7EBF300086BA87 /* Sources */ = {
			isa = PBXSourcesBuildPhase;
			buildActionMask = 2147483647;
			files = (
				5CA96C761E7EC2850086BA87 /* JSONCacheTests.xcdatamodeld in Sources */,
				5CA96C581E7EBF300086BA87 /* JSONCacheTests.swift in Sources */,
			);
			runOnlyForDeploymentPostprocessing = 0;
		};
		5CA96C7C1E7ED6B10086BA87 /* Sources */ = {
			isa = PBXSourcesBuildPhase;
			buildActionMask = 2147483647;
			files = (
				5CA96C851E7ED6B10086BA87 /* ViewController.swift in Sources */,
				5CA96C831E7ED6B10086BA87 /* AppDelegate.swift in Sources */,
				5CA96C9C1E7ED9B00086BA87 /* JSONCacheTests.xcdatamodeld in Sources */,
			);
			runOnlyForDeploymentPostprocessing = 0;
		};
/* End PBXSourcesBuildPhase section */

/* Begin PBXTargetDependency section */
		5C5E78EC1E858A66004A0A6F /* PBXTargetDependency */ = {
			isa = PBXTargetDependency;
			target = 5CA96C481E7EBF300086BA87 /* JSONCache */;
			targetProxy = 5C5E78EB1E858A66004A0A6F /* PBXContainerItemProxy */;
		};
		5CA96C551E7EBF300086BA87 /* PBXTargetDependency */ = {
			isa = PBXTargetDependency;
			target = 5CA96C481E7EBF300086BA87 /* JSONCache */;
			targetProxy = 5CA96C541E7EBF300086BA87 /* PBXContainerItemProxy */;
		};
/* End PBXTargetDependency section */

/* Begin PBXVariantGroup section */
		5CA96C861E7ED6B10086BA87 /* Main.storyboard */ = {
			isa = PBXVariantGroup;
			children = (
				5CA96C871E7ED6B10086BA87 /* Base */,
			);
			name = Main.storyboard;
			path = .;
			sourceTree = "<group>";
		};
		5CA96C8E1E7ED6B10086BA87 /* LaunchScreen.storyboard */ = {
			isa = PBXVariantGroup;
			children = (
				5CA96C8F1E7ED6B10086BA87 /* Base */,
			);
			name = LaunchScreen.storyboard;
			path = .;
			sourceTree = "<group>";
		};
/* End PBXVariantGroup section */

/* Begin XCBuildConfiguration section */
		5CA96C5B1E7EBF300086BA87 /* Debug */ = {
			isa = XCBuildConfiguration;
			baseConfigurationReference = 5C5226601E85345B00ACA1DB /* Carthage.xcconfig */;
			buildSettings = {
				ALWAYS_SEARCH_USER_PATHS = NO;
				CLANG_ANALYZER_NONNULL = YES;
				CLANG_CXX_LANGUAGE_STANDARD = "gnu++0x";
				CLANG_CXX_LIBRARY = "libc++";
				CLANG_ENABLE_MODULES = YES;
				CLANG_ENABLE_OBJC_ARC = YES;
				CLANG_WARN_BOOL_CONVERSION = YES;
				CLANG_WARN_CONSTANT_CONVERSION = YES;
				CLANG_WARN_DIRECT_OBJC_ISA_USAGE = YES_ERROR;
				CLANG_WARN_DOCUMENTATION_COMMENTS = YES;
				CLANG_WARN_EMPTY_BODY = YES;
				CLANG_WARN_ENUM_CONVERSION = YES;
				CLANG_WARN_INFINITE_RECURSION = YES;
				CLANG_WARN_INT_CONVERSION = YES;
				CLANG_WARN_OBJC_ROOT_CLASS = YES_ERROR;
				CLANG_WARN_SUSPICIOUS_MOVE = YES;
				CLANG_WARN_UNREACHABLE_CODE = YES;
				CLANG_WARN__DUPLICATE_METHOD_MATCH = YES;
				"CODE_SIGN_IDENTITY[sdk=iphoneos*]" = "iPhone Distribution: Anders Blehr (68M9JL23T5)";
				COPY_PHASE_STRIP = NO;
				CURRENT_PROJECT_VERSION = 1;
				DEBUG_INFORMATION_FORMAT = dwarf;
				ENABLE_STRICT_OBJC_MSGSEND = YES;
				ENABLE_TESTABILITY = YES;
				GCC_C_LANGUAGE_STANDARD = gnu99;
				GCC_DYNAMIC_NO_PIC = NO;
				GCC_NO_COMMON_BLOCKS = YES;
				GCC_OPTIMIZATION_LEVEL = 0;
				GCC_PREPROCESSOR_DEFINITIONS = (
					"DEBUG=1",
					"$(inherited)",
				);
				GCC_WARN_64_TO_32_BIT_CONVERSION = YES;
				GCC_WARN_ABOUT_RETURN_TYPE = YES_ERROR;
				GCC_WARN_UNDECLARED_SELECTOR = YES;
				GCC_WARN_UNINITIALIZED_AUTOS = YES_AGGRESSIVE;
				GCC_WARN_UNUSED_FUNCTION = YES;
				GCC_WARN_UNUSED_VARIABLE = YES;
				IPHONEOS_DEPLOYMENT_TARGET = 9.3;
				MACOSX_DEPLOYMENT_TARGET = 10.11;
				MTL_ENABLE_DEBUG_INFO = YES;
				ONLY_ACTIVE_ARCH = YES;
				SDKROOT = "";
				SUPPORTED_PLATFORMS = "iphonesimulator iphoneos appletvos appletvsimulator macosx watchsimulator watchos";
				SWIFT_ACTIVE_COMPILATION_CONDITIONS = DEBUG;
				SWIFT_OPTIMIZATION_LEVEL = "-Onone";
				TARGETED_DEVICE_FAMILY = "1,2,3,4";
				TVOS_DEPLOYMENT_TARGET = 9.2;
				VERSIONING_SYSTEM = "apple-generic";
				VERSION_INFO_PREFIX = "";
				WATCHOS_DEPLOYMENT_TARGET = 3.0;
			};
			name = Debug;
		};
		5CA96C5C1E7EBF300086BA87 /* Release */ = {
			isa = XCBuildConfiguration;
			baseConfigurationReference = 5C5226601E85345B00ACA1DB /* Carthage.xcconfig */;
			buildSettings = {
				ALWAYS_SEARCH_USER_PATHS = NO;
				CLANG_ANALYZER_NONNULL = YES;
				CLANG_CXX_LANGUAGE_STANDARD = "gnu++0x";
				CLANG_CXX_LIBRARY = "libc++";
				CLANG_ENABLE_MODULES = YES;
				CLANG_ENABLE_OBJC_ARC = YES;
				CLANG_WARN_BOOL_CONVERSION = YES;
				CLANG_WARN_CONSTANT_CONVERSION = YES;
				CLANG_WARN_DIRECT_OBJC_ISA_USAGE = YES_ERROR;
				CLANG_WARN_DOCUMENTATION_COMMENTS = YES;
				CLANG_WARN_EMPTY_BODY = YES;
				CLANG_WARN_ENUM_CONVERSION = YES;
				CLANG_WARN_INFINITE_RECURSION = YES;
				CLANG_WARN_INT_CONVERSION = YES;
				CLANG_WARN_OBJC_ROOT_CLASS = YES_ERROR;
				CLANG_WARN_SUSPICIOUS_MOVE = YES;
				CLANG_WARN_UNREACHABLE_CODE = YES;
				CLANG_WARN__DUPLICATE_METHOD_MATCH = YES;
				"CODE_SIGN_IDENTITY[sdk=iphoneos*]" = "iPhone Distribution: Anders Blehr (68M9JL23T5)";
				COPY_PHASE_STRIP = NO;
				CURRENT_PROJECT_VERSION = 1;
				DEBUG_INFORMATION_FORMAT = "dwarf-with-dsym";
				ENABLE_NS_ASSERTIONS = NO;
				ENABLE_STRICT_OBJC_MSGSEND = YES;
				GCC_C_LANGUAGE_STANDARD = gnu99;
				GCC_NO_COMMON_BLOCKS = YES;
				GCC_WARN_64_TO_32_BIT_CONVERSION = YES;
				GCC_WARN_ABOUT_RETURN_TYPE = YES_ERROR;
				GCC_WARN_UNDECLARED_SELECTOR = YES;
				GCC_WARN_UNINITIALIZED_AUTOS = YES_AGGRESSIVE;
				GCC_WARN_UNUSED_FUNCTION = YES;
				GCC_WARN_UNUSED_VARIABLE = YES;
				IPHONEOS_DEPLOYMENT_TARGET = 9.3;
				MACOSX_DEPLOYMENT_TARGET = 10.11;
				MTL_ENABLE_DEBUG_INFO = NO;
				SDKROOT = "";
				SUPPORTED_PLATFORMS = "iphonesimulator iphoneos appletvos appletvsimulator macosx watchsimulator watchos";
				SWIFT_OPTIMIZATION_LEVEL = "-Owholemodule";
				TARGETED_DEVICE_FAMILY = "1,2,3,4";
				TVOS_DEPLOYMENT_TARGET = 9.2;
				VALIDATE_PRODUCT = YES;
				VERSIONING_SYSTEM = "apple-generic";
				VERSION_INFO_PREFIX = "";
				WATCHOS_DEPLOYMENT_TARGET = 3.0;
			};
			name = Release;
		};
		5CA96C5E1E7EBF300086BA87 /* Debug */ = {
			isa = XCBuildConfiguration;
			buildSettings = {
				APPLICATION_EXTENSION_API_ONLY = YES;
				CLANG_ENABLE_MODULES = YES;
				CODE_SIGN_IDENTITY = "iPhone Developer";
				DEFINES_MODULE = YES;
				DEVELOPMENT_TEAM = "";
				DYLIB_COMPATIBILITY_VERSION = 1;
				DYLIB_CURRENT_VERSION = 1;
				DYLIB_INSTALL_NAME_BASE = "@rpath";
				FRAMEWORK_SEARCH_PATHS = "";
				"FRAMEWORK_SEARCH_PATHS[sdk=appletv*]" = (
					"$(inherited)",
					"$(SRCROOT)/Carthage/Build/tvOS/",
				);
				"FRAMEWORK_SEARCH_PATHS[sdk=iphone*]" = (
					"$(inherited)",
					"$(SRCROOT)/Carthage/Build/iOS/",
				);
				"FRAMEWORK_SEARCH_PATHS[sdk=macosx*]" = (
					"$(inherited)",
					"$(SRCROOT)/Carthage/Build/Mac/",
				);
				"FRAMEWORK_SEARCH_PATHS[sdk=watch*]" = (
					"$(inherited)",
					"$(SRCROOT)/Carthage/Build/watchOS/",
				);
				INFOPLIST_FILE = JSONCache/Info.plist;
				INSTALL_PATH = "$(LOCAL_LIBRARY_DIR)/Frameworks";
				IPHONEOS_DEPLOYMENT_TARGET = 9.3;
				LD_RUNPATH_SEARCH_PATHS = "$(inherited) @executable_path/Frameworks @loader_path/Frameworks";
				PRODUCT_BUNDLE_IDENTIFIER = co.andersblehr.JSONCache;
				PRODUCT_NAME = "$(TARGET_NAME)";
				SKIP_INSTALL = YES;
				SUPPORTED_PLATFORMS = "iphonesimulator iphoneos watchsimulator appletvsimulator watchos appletvos macosx";
				SWIFT_OPTIMIZATION_LEVEL = "-Onone";
				SWIFT_VERSION = 3.0;
			};
			name = Debug;
		};
		5CA96C5F1E7EBF300086BA87 /* Release */ = {
			isa = XCBuildConfiguration;
			buildSettings = {
				APPLICATION_EXTENSION_API_ONLY = YES;
				CLANG_ENABLE_MODULES = YES;
				CODE_SIGN_IDENTITY = "iPhone Developer";
				DEFINES_MODULE = YES;
				DEVELOPMENT_TEAM = "";
				DYLIB_COMPATIBILITY_VERSION = 1;
				DYLIB_CURRENT_VERSION = 1;
				DYLIB_INSTALL_NAME_BASE = "@rpath";
				FRAMEWORK_SEARCH_PATHS = "";
				"FRAMEWORK_SEARCH_PATHS[sdk=appletv*]" = (
					"$(inherited)",
					"$(SRCROOT)/Carthage/Build/tvOS/",
				);
				"FRAMEWORK_SEARCH_PATHS[sdk=iphone*]" = (
					"$(inherited)",
					"$(SRCROOT)/Carthage/Build/iOS/",
				);
				"FRAMEWORK_SEARCH_PATHS[sdk=macosx*]" = (
					"$(inherited)",
					"$(SRCROOT)/Carthage/Build/Mac/",
				);
				"FRAMEWORK_SEARCH_PATHS[sdk=watch*]" = (
					"$(inherited)",
					"$(SRCROOT)/Carthage/Build/watchOS/",
				);
				INFOPLIST_FILE = JSONCache/Info.plist;
				INSTALL_PATH = "$(LOCAL_LIBRARY_DIR)/Frameworks";
				IPHONEOS_DEPLOYMENT_TARGET = 9.3;
				LD_RUNPATH_SEARCH_PATHS = "$(inherited) @executable_path/Frameworks @loader_path/Frameworks";
				PRODUCT_BUNDLE_IDENTIFIER = co.andersblehr.JSONCache;
				PRODUCT_NAME = "$(TARGET_NAME)";
				SKIP_INSTALL = YES;
				SUPPORTED_PLATFORMS = "iphonesimulator iphoneos watchsimulator appletvsimulator watchos appletvos macosx";
				SWIFT_VERSION = 3.0;
			};
			name = Release;
		};
		5CA96C611E7EBF300086BA87 /* Debug */ = {
			isa = XCBuildConfiguration;
			buildSettings = {
				ALWAYS_EMBED_SWIFT_STANDARD_LIBRARIES = YES;
				DEVELOPMENT_TEAM = 68M9JL23T5;
				FRAMEWORK_SEARCH_PATHS = "";
				"FRAMEWORK_SEARCH_PATHS[sdk=appletv*]" = (
					"$(inherited)",
					"$(SRCROOT)/Carthage/Build/tvOS/",
				);
				"FRAMEWORK_SEARCH_PATHS[sdk=iphone*]" = (
					"$(inherited)",
					"$(SRCROOT)/Carthage/Build/iOS/",
				);
				"FRAMEWORK_SEARCH_PATHS[sdk=macosx*]" = (
					"$(inherited)",
					"$(SRCROOT)/Carthage/Build/Mac/",
				);
				"FRAMEWORK_SEARCH_PATHS[sdk=watch*]" = (
					"$(inherited)",
					"$(SRCROOT)/Carthage/Build/watchOS/",
				);
				INFOPLIST_FILE = JSONCacheTests/Info.plist;
				LD_RUNPATH_SEARCH_PATHS = "$(inherited) @executable_path/Frameworks @loader_path/Frameworks";
				"LD_RUNPATH_SEARCH_PATHS[sdk=macosx*]" = "@executable_path/../Frameworks @loader_path/../Frameworks";
				PRODUCT_BUNDLE_IDENTIFIER = co.andersblehr.JSONCacheTests;
				PRODUCT_NAME = "$(TARGET_NAME)";
				SWIFT_VERSION = 3.0;
			};
			name = Debug;
		};
		5CA96C621E7EBF300086BA87 /* Release */ = {
			isa = XCBuildConfiguration;
			buildSettings = {
				ALWAYS_EMBED_SWIFT_STANDARD_LIBRARIES = YES;
				DEVELOPMENT_TEAM = 68M9JL23T5;
				FRAMEWORK_SEARCH_PATHS = "";
				"FRAMEWORK_SEARCH_PATHS[sdk=appletv*]" = (
					"$(inherited)",
					"$(SRCROOT)/Carthage/Build/tvOS/",
				);
				"FRAMEWORK_SEARCH_PATHS[sdk=iphone*]" = (
					"$(inherited)",
					"$(SRCROOT)/Carthage/Build/iOS/",
				);
				"FRAMEWORK_SEARCH_PATHS[sdk=macosx*]" = (
					"$(inherited)",
					"$(SRCROOT)/Carthage/Build/Mac/",
				);
				"FRAMEWORK_SEARCH_PATHS[sdk=watch*]" = (
					"$(inherited)",
					"$(SRCROOT)/Carthage/Build/watchOS/",
				);
				INFOPLIST_FILE = JSONCacheTests/Info.plist;
				LD_RUNPATH_SEARCH_PATHS = "$(inherited) @executable_path/Frameworks @loader_path/Frameworks";
				"LD_RUNPATH_SEARCH_PATHS[sdk=macosx*]" = "@executable_path/../Frameworks @loader_path/../Frameworks";
				PRODUCT_BUNDLE_IDENTIFIER = co.andersblehr.JSONCacheTests;
				PRODUCT_NAME = "$(TARGET_NAME)";
				SWIFT_VERSION = 3.0;
			};
			name = Release;
		};
		5CA96C931E7ED6B10086BA87 /* Debug */ = {
			isa = XCBuildConfiguration;
			buildSettings = {
				ALWAYS_EMBED_SWIFT_STANDARD_LIBRARIES = YES;
				ASSETCATALOG_COMPILER_APPICON_NAME = AppIcon;
				CODE_SIGN_IDENTITY = "iPhone Developer";
				DEVELOPMENT_TEAM = 68M9JL23T5;
				FRAMEWORK_SEARCH_PATHS = (
					"$(inherited)",
					"$(PROJECT_DIR)/Carthage/Build/iOS",
				);
				"FRAMEWORK_SEARCH_PATHS[sdk=iphoneos*]" = (
					"$(inherited)",
					"$(PROJECT_DIR)/Carthage/Build/iOS",
				);
				INFOPLIST_FILE = UsageExample/Info.plist;
				IPHONEOS_DEPLOYMENT_TARGET = 9.3;
				LD_RUNPATH_SEARCH_PATHS = "$(inherited) @executable_path/Frameworks @loader_path/Frameworks @executable_path/../Frameworks @loader_path/../Frameworks";
				PRODUCT_BUNDLE_IDENTIFIER = co.andersblehr.JSONCache.UsageExample;
				PRODUCT_NAME = "$(TARGET_NAME)";
				PROVISIONING_PROFILE = "0bd74e2c-73ef-49d5-8425-3e0240a6bcee";
				PROVISIONING_PROFILE_SPECIFIER = "Anders Blehr Generic Profile";
				SDKROOT = iphoneos10.2;
				SUPPORTED_PLATFORMS = "iphonesimulator iphoneos";
				SWIFT_VERSION = 3.0;
			};
			name = Debug;
		};
		5CA96C941E7ED6B10086BA87 /* Release */ = {
			isa = XCBuildConfiguration;
			buildSettings = {
				ALWAYS_EMBED_SWIFT_STANDARD_LIBRARIES = YES;
				ASSETCATALOG_COMPILER_APPICON_NAME = AppIcon;
				CODE_SIGN_IDENTITY = "iPhone Developer";
				DEVELOPMENT_TEAM = 68M9JL23T5;
				FRAMEWORK_SEARCH_PATHS = (
					"$(inherited)",
					"$(PROJECT_DIR)/Carthage/Build/iOS",
				);
				"FRAMEWORK_SEARCH_PATHS[sdk=iphoneos*]" = (
					"$(inherited)",
					"$(PROJECT_DIR)/Carthage/Build/iOS",
				);
				INFOPLIST_FILE = UsageExample/Info.plist;
				IPHONEOS_DEPLOYMENT_TARGET = 9.3;
				LD_RUNPATH_SEARCH_PATHS = "$(inherited) @executable_path/Frameworks @loader_path/Frameworks @executable_path/../Frameworks @loader_path/../Frameworks";
				PRODUCT_BUNDLE_IDENTIFIER = co.andersblehr.JSONCache.UsageExample;
				PRODUCT_NAME = "$(TARGET_NAME)";
				PROVISIONING_PROFILE = "0bd74e2c-73ef-49d5-8425-3e0240a6bcee";
				PROVISIONING_PROFILE_SPECIFIER = "Anders Blehr Generic Profile";
				SDKROOT = iphoneos10.2;
				SUPPORTED_PLATFORMS = "iphonesimulator iphoneos";
				SWIFT_VERSION = 3.0;
			};
			name = Release;
		};
/* End XCBuildConfiguration section */

/* Begin XCConfigurationList section */
		5CA96C431E7EBF300086BA87 /* Build configuration list for PBXProject "JSONCache" */ = {
			isa = XCConfigurationList;
			buildConfigurations = (
				5CA96C5B1E7EBF300086BA87 /* Debug */,
				5CA96C5C1E7EBF300086BA87 /* Release */,
			);
			defaultConfigurationIsVisible = 0;
			defaultConfigurationName = Release;
		};
		5CA96C5D1E7EBF300086BA87 /* Build configuration list for PBXNativeTarget "JSONCache" */ = {
			isa = XCConfigurationList;
			buildConfigurations = (
				5CA96C5E1E7EBF300086BA87 /* Debug */,
				5CA96C5F1E7EBF300086BA87 /* Release */,
			);
			defaultConfigurationIsVisible = 0;
			defaultConfigurationName = Release;
		};
		5CA96C601E7EBF300086BA87 /* Build configuration list for PBXNativeTarget "JSONCacheTests" */ = {
			isa = XCConfigurationList;
			buildConfigurations = (
				5CA96C611E7EBF300086BA87 /* Debug */,
				5CA96C621E7EBF300086BA87 /* Release */,
			);
			defaultConfigurationIsVisible = 0;
			defaultConfigurationName = Release;
		};
		5CA96C921E7ED6B10086BA87 /* Build configuration list for PBXNativeTarget "UsageExample" */ = {
			isa = XCConfigurationList;
			buildConfigurations = (
				5CA96C931E7ED6B10086BA87 /* Debug */,
				5CA96C941E7ED6B10086BA87 /* Release */,
			);
			defaultConfigurationIsVisible = 0;
			defaultConfigurationName = Release;
		};
/* End XCConfigurationList section */

/* Begin XCVersionGroup section */
		5CA96C741E7EC2850086BA87 /* JSONCacheTests.xcdatamodeld */ = {
			isa = XCVersionGroup;
			children = (
				5CA96C751E7EC2850086BA87 /* JSONCacheTests.xcdatamodel */,
			);
			currentVersion = 5CA96C751E7EC2850086BA87 /* JSONCacheTests.xcdatamodel */;
			path = JSONCacheTests.xcdatamodeld;
			sourceTree = "<group>";
			versionGroupType = wrapper.xcdatamodel;
		};
		5CA96C9A1E7ED9B00086BA87 /* JSONCacheTests.xcdatamodeld */ = {
			isa = XCVersionGroup;
			children = (
				5CA96C9B1E7ED9B00086BA87 /* JSONCacheTests.xcdatamodel */,
			);
			currentVersion = 5CA96C9B1E7ED9B00086BA87 /* JSONCacheTests.xcdatamodel */;
			path = JSONCacheTests.xcdatamodeld;
			sourceTree = "<group>";
			versionGroupType = wrapper.xcdatamodel;
		};
/* End XCVersionGroup section */
	};
	rootObject = 5CA96C401E7EBF300086BA87 /* Project object */;
}
