// !$*UTF8*$!
{
	archiveVersion = 1;
	classes = {
	};
	objectVersion = 46;
	objects = {

/* Begin PBXBuildFile section */
		5C7184CB1E76BD4D0000C85A /* AppDelegate.swift in Sources */ = {isa = PBXBuildFile; fileRef = 5C7184CA1E76BD4D0000C85A /* AppDelegate.swift */; };
		5C7184CD1E76BD4D0000C85A /* ViewController.swift in Sources */ = {isa = PBXBuildFile; fileRef = 5C7184CC1E76BD4D0000C85A /* ViewController.swift */; };
		5C7184D01E76BD4D0000C85A /* Main.storyboard in Resources */ = {isa = PBXBuildFile; fileRef = 5C7184CE1E76BD4D0000C85A /* Main.storyboard */; };
		5C7184D31E76BD4D0000C85A /* DataCache.xcdatamodeld in Sources */ = {isa = PBXBuildFile; fileRef = 5C7184D11E76BD4D0000C85A /* DataCache.xcdatamodeld */; };
		5C7184D51E76BD4D0000C85A /* Assets.xcassets in Resources */ = {isa = PBXBuildFile; fileRef = 5C7184D41E76BD4D0000C85A /* Assets.xcassets */; };
		5C7184D81E76BD4D0000C85A /* LaunchScreen.storyboard in Resources */ = {isa = PBXBuildFile; fileRef = 5C7184D61E76BD4D0000C85A /* LaunchScreen.storyboard */; };
		5C7184E31E76BD4D0000C85A /* DataCacheTests.swift in Sources */ = {isa = PBXBuildFile; fileRef = 5C7184E21E76BD4D0000C85A /* DataCacheTests.swift */; };
		5C7184FE1E76BF4C0000C85A /* DataCache.swift in Sources */ = {isa = PBXBuildFile; fileRef = 5C7184FD1E76BF4C0000C85A /* DataCache.swift */; };
		5C7185061E76BFB30000C85A /* DateFormatter+DataCache.swift in Sources */ = {isa = PBXBuildFile; fileRef = 5C7185021E76BFB30000C85A /* DateFormatter+DataCache.swift */; };
		5C7185071E76BFB30000C85A /* NSAttributeDescription+DataCache.swift in Sources */ = {isa = PBXBuildFile; fileRef = 5C7185031E76BFB30000C85A /* NSAttributeDescription+DataCache.swift */; };
		5C7185081E76BFB30000C85A /* NSEntityDescription+DataCache.swift in Sources */ = {isa = PBXBuildFile; fileRef = 5C7185041E76BFB30000C85A /* NSEntityDescription+DataCache.swift */; };
		5C7185091E76BFB30000C85A /* NSManagedObject+DataCache.swift in Sources */ = {isa = PBXBuildFile; fileRef = 5C7185051E76BFB30000C85A /* NSManagedObject+DataCache.swift */; };
		5C71850B1E76BFD60000C85A /* CamelSnake.swift in Sources */ = {isa = PBXBuildFile; fileRef = 5C71850A1E76BFD60000C85A /* CamelSnake.swift */; };
		5C71850D1E76BFED0000C85A /* Jsonifiable.swift in Sources */ = {isa = PBXBuildFile; fileRef = 5C71850C1E76BFED0000C85A /* Jsonifiable.swift */; };
		5C7185101E76DC030000C85A /* data.json in Resources */ = {isa = PBXBuildFile; fileRef = 5C71850F1E76DC030000C85A /* data.json */; };
/* End PBXBuildFile section */

/* Begin PBXContainerItemProxy section */
		5C7184DF1E76BD4D0000C85A /* PBXContainerItemProxy */ = {
			isa = PBXContainerItemProxy;
			containerPortal = 5C7184BF1E76BD4D0000C85A /* Project object */;
			proxyType = 1;
			remoteGlobalIDString = 5C7184C61E76BD4D0000C85A;
			remoteInfo = DataCache;
		};
/* End PBXContainerItemProxy section */

/* Begin PBXFileReference section */
		5C7184C71E76BD4D0000C85A /* DataCache.app */ = {isa = PBXFileReference; explicitFileType = wrapper.application; includeInIndex = 0; path = DataCache.app; sourceTree = BUILT_PRODUCTS_DIR; };
		5C7184CA1E76BD4D0000C85A /* AppDelegate.swift */ = {isa = PBXFileReference; lastKnownFileType = sourcecode.swift; path = AppDelegate.swift; sourceTree = "<group>"; };
		5C7184CC1E76BD4D0000C85A /* ViewController.swift */ = {isa = PBXFileReference; lastKnownFileType = sourcecode.swift; path = ViewController.swift; sourceTree = "<group>"; };
		5C7184CF1E76BD4D0000C85A /* Base */ = {isa = PBXFileReference; lastKnownFileType = file.storyboard; name = Base; path = Base.lproj/Main.storyboard; sourceTree = "<group>"; };
		5C7184D21E76BD4D0000C85A /* DataCache.xcdatamodel */ = {isa = PBXFileReference; lastKnownFileType = wrapper.xcdatamodel; path = DataCache.xcdatamodel; sourceTree = "<group>"; };
		5C7184D41E76BD4D0000C85A /* Assets.xcassets */ = {isa = PBXFileReference; lastKnownFileType = folder.assetcatalog; path = Assets.xcassets; sourceTree = "<group>"; };
		5C7184D71E76BD4D0000C85A /* Base */ = {isa = PBXFileReference; lastKnownFileType = file.storyboard; name = Base; path = Base.lproj/LaunchScreen.storyboard; sourceTree = "<group>"; };
		5C7184D91E76BD4D0000C85A /* Info.plist */ = {isa = PBXFileReference; lastKnownFileType = text.plist.xml; path = Info.plist; sourceTree = "<group>"; };
		5C7184DE1E76BD4D0000C85A /* DataCacheTests.xctest */ = {isa = PBXFileReference; explicitFileType = wrapper.cfbundle; includeInIndex = 0; path = DataCacheTests.xctest; sourceTree = BUILT_PRODUCTS_DIR; };
		5C7184E21E76BD4D0000C85A /* DataCacheTests.swift */ = {isa = PBXFileReference; lastKnownFileType = sourcecode.swift; path = DataCacheTests.swift; sourceTree = "<group>"; };
		5C7184E41E76BD4D0000C85A /* Info.plist */ = {isa = PBXFileReference; lastKnownFileType = text.plist.xml; path = Info.plist; sourceTree = "<group>"; };
		5C7184FD1E76BF4C0000C85A /* DataCache.swift */ = {isa = PBXFileReference; fileEncoding = 4; lastKnownFileType = sourcecode.swift; path = DataCache.swift; sourceTree = "<group>"; };
		5C7185021E76BFB30000C85A /* DateFormatter+DataCache.swift */ = {isa = PBXFileReference; fileEncoding = 4; lastKnownFileType = sourcecode.swift; path = "DateFormatter+DataCache.swift"; sourceTree = "<group>"; };
		5C7185031E76BFB30000C85A /* NSAttributeDescription+DataCache.swift */ = {isa = PBXFileReference; fileEncoding = 4; lastKnownFileType = sourcecode.swift; path = "NSAttributeDescription+DataCache.swift"; sourceTree = "<group>"; };
		5C7185041E76BFB30000C85A /* NSEntityDescription+DataCache.swift */ = {isa = PBXFileReference; fileEncoding = 4; lastKnownFileType = sourcecode.swift; path = "NSEntityDescription+DataCache.swift"; sourceTree = "<group>"; };
		5C7185051E76BFB30000C85A /* NSManagedObject+DataCache.swift */ = {isa = PBXFileReference; fileEncoding = 4; lastKnownFileType = sourcecode.swift; path = "NSManagedObject+DataCache.swift"; sourceTree = "<group>"; };
		5C71850A1E76BFD60000C85A /* CamelSnake.swift */ = {isa = PBXFileReference; fileEncoding = 4; lastKnownFileType = sourcecode.swift; path = CamelSnake.swift; sourceTree = "<group>"; };
		5C71850C1E76BFED0000C85A /* Jsonifiable.swift */ = {isa = PBXFileReference; fileEncoding = 4; lastKnownFileType = sourcecode.swift; path = Jsonifiable.swift; sourceTree = "<group>"; };
		5C71850F1E76DC030000C85A /* data.json */ = {isa = PBXFileReference; fileEncoding = 4; lastKnownFileType = text.json; path = data.json; sourceTree = "<group>"; };
/* End PBXFileReference section */

/* Begin PBXFrameworksBuildPhase section */
		5C7184C41E76BD4D0000C85A /* Frameworks */ = {
			isa = PBXFrameworksBuildPhase;
			buildActionMask = 2147483647;
			files = (
			);
			runOnlyForDeploymentPostprocessing = 0;
		};
		5C7184DB1E76BD4D0000C85A /* Frameworks */ = {
			isa = PBXFrameworksBuildPhase;
			buildActionMask = 2147483647;
			files = (
			);
			runOnlyForDeploymentPostprocessing = 0;
		};
/* End PBXFrameworksBuildPhase section */

/* Begin PBXGroup section */
		5C7184BE1E76BD4D0000C85A = {
			isa = PBXGroup;
			children = (
				5C7184C91E76BD4D0000C85A /* DataCache */,
				5C71850E1E76C16C0000C85A /* iOS Example */,
				5C7184E11E76BD4D0000C85A /* DataCacheTests */,
				5C7184C81E76BD4D0000C85A /* Products */,
			);
			sourceTree = "<group>";
		};
		5C7184C81E76BD4D0000C85A /* Products */ = {
			isa = PBXGroup;
			children = (
				5C7184C71E76BD4D0000C85A /* DataCache.app */,
				5C7184DE1E76BD4D0000C85A /* DataCacheTests.xctest */,
			);
			name = Products;
			sourceTree = "<group>";
		};
		5C7184C91E76BD4D0000C85A /* DataCache */ = {
			isa = PBXGroup;
			children = (
				5C7184FF1E76BF560000C85A /* Extensions */,
				5C7185011E76BF680000C85A /* Helpers */,
				5C7185001E76BF600000C85A /* Protocols */,
				5C7184FD1E76BF4C0000C85A /* DataCache.swift */,
			);
			path = DataCache;
			sourceTree = "<group>";
		};
		5C7184E11E76BD4D0000C85A /* DataCacheTests */ = {
			isa = PBXGroup;
			children = (
				5C7184E21E76BD4D0000C85A /* DataCacheTests.swift */,
				5C7184E41E76BD4D0000C85A /* Info.plist */,
			);
			path = DataCacheTests;
			sourceTree = "<group>";
		};
		5C7184FF1E76BF560000C85A /* Extensions */ = {
			isa = PBXGroup;
			children = (
				5C7185021E76BFB30000C85A /* DateFormatter+DataCache.swift */,
				5C7185031E76BFB30000C85A /* NSAttributeDescription+DataCache.swift */,
				5C7185041E76BFB30000C85A /* NSEntityDescription+DataCache.swift */,
				5C7185051E76BFB30000C85A /* NSManagedObject+DataCache.swift */,
			);
			path = Extensions;
			sourceTree = "<group>";
		};
		5C7185001E76BF600000C85A /* Protocols */ = {
			isa = PBXGroup;
			children = (
				5C71850C1E76BFED0000C85A /* Jsonifiable.swift */,
			);
			path = Protocols;
			sourceTree = "<group>";
		};
		5C7185011E76BF680000C85A /* Helpers */ = {
			isa = PBXGroup;
			children = (
				5C71850A1E76BFD60000C85A /* CamelSnake.swift */,
			);
			path = Helpers;
			sourceTree = "<group>";
		};
		5C71850E1E76C16C0000C85A /* iOS Example */ = {
			isa = PBXGroup;
			children = (
				5C7184D11E76BD4D0000C85A /* DataCache.xcdatamodeld */,
				5C71850F1E76DC030000C85A /* data.json */,
				5C7184CA1E76BD4D0000C85A /* AppDelegate.swift */,
				5C7184CC1E76BD4D0000C85A /* ViewController.swift */,
				5C7184CE1E76BD4D0000C85A /* Main.storyboard */,
				5C7184D61E76BD4D0000C85A /* LaunchScreen.storyboard */,
				5C7184D41E76BD4D0000C85A /* Assets.xcassets */,
				5C7184D91E76BD4D0000C85A /* Info.plist */,
			);
			path = "iOS Example";
			sourceTree = "<group>";
		};
/* End PBXGroup section */

/* Begin PBXNativeTarget section */
		5C7184C61E76BD4D0000C85A /* DataCache */ = {
			isa = PBXNativeTarget;
			buildConfigurationList = 5C7184E71E76BD4D0000C85A /* Build configuration list for PBXNativeTarget "DataCache" */;
			buildPhases = (
				5C7184C31E76BD4D0000C85A /* Sources */,
				5C7184C41E76BD4D0000C85A /* Frameworks */,
				5C7184C51E76BD4D0000C85A /* Resources */,
			);
			buildRules = (
			);
			dependencies = (
			);
			name = DataCache;
			productName = DataCache;
			productReference = 5C7184C71E76BD4D0000C85A /* DataCache.app */;
			productType = "com.apple.product-type.application";
		};
		5C7184DD1E76BD4D0000C85A /* DataCacheTests */ = {
			isa = PBXNativeTarget;
			buildConfigurationList = 5C7184EA1E76BD4D0000C85A /* Build configuration list for PBXNativeTarget "DataCacheTests" */;
			buildPhases = (
				5C7184DA1E76BD4D0000C85A /* Sources */,
				5C7184DB1E76BD4D0000C85A /* Frameworks */,
				5C7184DC1E76BD4D0000C85A /* Resources */,
			);
			buildRules = (
			);
			dependencies = (
				5C7184E01E76BD4D0000C85A /* PBXTargetDependency */,
			);
			name = DataCacheTests;
			productName = DataCacheTests;
			productReference = 5C7184DE1E76BD4D0000C85A /* DataCacheTests.xctest */;
			productType = "com.apple.product-type.bundle.unit-test";
		};
/* End PBXNativeTarget section */

/* Begin PBXProject section */
		5C7184BF1E76BD4D0000C85A /* Project object */ = {
			isa = PBXProject;
			attributes = {
				LastSwiftUpdateCheck = 0820;
				LastUpgradeCheck = 0820;
				ORGANIZATIONNAME = "Anders Blehr";
				TargetAttributes = {
					5C7184C61E76BD4D0000C85A = {
						CreatedOnToolsVersion = 8.2.1;
						DevelopmentTeam = 68M9JL23T5;
						ProvisioningStyle = Automatic;
					};
					5C7184DD1E76BD4D0000C85A = {
						CreatedOnToolsVersion = 8.2.1;
						DevelopmentTeam = 68M9JL23T5;
						ProvisioningStyle = Automatic;
						TestTargetID = 5C7184C61E76BD4D0000C85A;
					};
				};
			};
			buildConfigurationList = 5C7184C21E76BD4D0000C85A /* Build configuration list for PBXProject "DataCache" */;
			compatibilityVersion = "Xcode 3.2";
			developmentRegion = English;
			hasScannedForEncodings = 0;
			knownRegions = (
				en,
				Base,
			);
			mainGroup = 5C7184BE1E76BD4D0000C85A;
			productRefGroup = 5C7184C81E76BD4D0000C85A /* Products */;
			projectDirPath = "";
			projectRoot = "";
			targets = (
				5C7184C61E76BD4D0000C85A /* DataCache */,
				5C7184DD1E76BD4D0000C85A /* DataCacheTests */,
			);
		};
/* End PBXProject section */

/* Begin PBXResourcesBuildPhase section */
		5C7184C51E76BD4D0000C85A /* Resources */ = {
			isa = PBXResourcesBuildPhase;
			buildActionMask = 2147483647;
			files = (
				5C7184D81E76BD4D0000C85A /* LaunchScreen.storyboard in Resources */,
				5C7184D51E76BD4D0000C85A /* Assets.xcassets in Resources */,
				5C7184D01E76BD4D0000C85A /* Main.storyboard in Resources */,
				5C7185101E76DC030000C85A /* data.json in Resources */,
			);
			runOnlyForDeploymentPostprocessing = 0;
		};
		5C7184DC1E76BD4D0000C85A /* Resources */ = {
			isa = PBXResourcesBuildPhase;
			buildActionMask = 2147483647;
			files = (
			);
			runOnlyForDeploymentPostprocessing = 0;
		};
/* End PBXResourcesBuildPhase section */

/* Begin PBXSourcesBuildPhase section */
		5C7184C31E76BD4D0000C85A /* Sources */ = {
			isa = PBXSourcesBuildPhase;
			buildActionMask = 2147483647;
			files = (
				5C7185091E76BFB30000C85A /* NSManagedObject+DataCache.swift in Sources */,
				5C7185061E76BFB30000C85A /* DateFormatter+DataCache.swift in Sources */,
				5C71850D1E76BFED0000C85A /* Jsonifiable.swift in Sources */,
				5C7185071E76BFB30000C85A /* NSAttributeDescription+DataCache.swift in Sources */,
				5C7184FE1E76BF4C0000C85A /* DataCache.swift in Sources */,
				5C7185081E76BFB30000C85A /* NSEntityDescription+DataCache.swift in Sources */,
				5C7184CD1E76BD4D0000C85A /* ViewController.swift in Sources */,
				5C71850B1E76BFD60000C85A /* CamelSnake.swift in Sources */,
				5C7184CB1E76BD4D0000C85A /* AppDelegate.swift in Sources */,
				5C7184D31E76BD4D0000C85A /* DataCache.xcdatamodeld in Sources */,
			);
			runOnlyForDeploymentPostprocessing = 0;
		};
		5C7184DA1E76BD4D0000C85A /* Sources */ = {
			isa = PBXSourcesBuildPhase;
			buildActionMask = 2147483647;
			files = (
				5C7184E31E76BD4D0000C85A /* DataCacheTests.swift in Sources */,
			);
			runOnlyForDeploymentPostprocessing = 0;
		};
/* End PBXSourcesBuildPhase section */

/* Begin PBXTargetDependency section */
		5C7184E01E76BD4D0000C85A /* PBXTargetDependency */ = {
			isa = PBXTargetDependency;
			target = 5C7184C61E76BD4D0000C85A /* DataCache */;
			targetProxy = 5C7184DF1E76BD4D0000C85A /* PBXContainerItemProxy */;
		};
/* End PBXTargetDependency section */

/* Begin PBXVariantGroup section */
		5C7184CE1E76BD4D0000C85A /* Main.storyboard */ = {
			isa = PBXVariantGroup;
			children = (
				5C7184CF1E76BD4D0000C85A /* Base */,
			);
			name = Main.storyboard;
			path = .;
			sourceTree = "<group>";
		};
		5C7184D61E76BD4D0000C85A /* LaunchScreen.storyboard */ = {
			isa = PBXVariantGroup;
			children = (
				5C7184D71E76BD4D0000C85A /* Base */,
			);
			name = LaunchScreen.storyboard;
			path = .;
			sourceTree = "<group>";
		};
/* End PBXVariantGroup section */

/* Begin XCBuildConfiguration section */
		5C7184E51E76BD4D0000C85A /* Debug */ = {
			isa = XCBuildConfiguration;
			buildSettings = {
				ALWAYS_SEARCH_USER_PATHS = NO;
				CLANG_ANALYZER_NONNULL = YES;
				CLANG_CXX_LANGUAGE_STANDARD = "gnu++0x";
				CLANG_CXX_LIBRARY = "libc++";
				CLANG_ENABLE_MODULES = YES;
				CLANG_ENABLE_OBJC_ARC = YES;
				CLANG_WARN_BOOL_CONVERSION = YES;
				CLANG_WARN_CONSTANT_CONVERSION = YES;
				CLANG_WARN_DIRECT_OBJC_ISA_USAGE = YES_ERROR;
				CLANG_WARN_DOCUMENTATION_COMMENTS = YES;
				CLANG_WARN_EMPTY_BODY = YES;
				CLANG_WARN_ENUM_CONVERSION = YES;
				CLANG_WARN_INFINITE_RECURSION = YES;
				CLANG_WARN_INT_CONVERSION = YES;
				CLANG_WARN_OBJC_ROOT_CLASS = YES_ERROR;
				CLANG_WARN_SUSPICIOUS_MOVE = YES;
				CLANG_WARN_UNREACHABLE_CODE = YES;
				CLANG_WARN__DUPLICATE_METHOD_MATCH = YES;
				"CODE_SIGN_IDENTITY[sdk=iphoneos*]" = "iPhone Developer";
				COPY_PHASE_STRIP = NO;
				DEBUG_INFORMATION_FORMAT = dwarf;
				ENABLE_STRICT_OBJC_MSGSEND = YES;
				ENABLE_TESTABILITY = YES;
				GCC_C_LANGUAGE_STANDARD = gnu99;
				GCC_DYNAMIC_NO_PIC = NO;
				GCC_NO_COMMON_BLOCKS = YES;
				GCC_OPTIMIZATION_LEVEL = 0;
				GCC_PREPROCESSOR_DEFINITIONS = (
					"DEBUG=1",
					"$(inherited)",
				);
				GCC_WARN_64_TO_32_BIT_CONVERSION = YES;
				GCC_WARN_ABOUT_RETURN_TYPE = YES_ERROR;
				GCC_WARN_UNDECLARED_SELECTOR = YES;
				GCC_WARN_UNINITIALIZED_AUTOS = YES_AGGRESSIVE;
				GCC_WARN_UNUSED_FUNCTION = YES;
				GCC_WARN_UNUSED_VARIABLE = YES;
				IPHONEOS_DEPLOYMENT_TARGET = 10.2;
				MTL_ENABLE_DEBUG_INFO = YES;
				ONLY_ACTIVE_ARCH = YES;
				SDKROOT = iphoneos;
				SWIFT_ACTIVE_COMPILATION_CONDITIONS = DEBUG;
				SWIFT_OPTIMIZATION_LEVEL = "-Onone";
			};
			name = Debug;
		};
		5C7184E61E76BD4D0000C85A /* Release */ = {
			isa = XCBuildConfiguration;
			buildSettings = {
				ALWAYS_SEARCH_USER_PATHS = NO;
				CLANG_ANALYZER_NONNULL = YES;
				CLANG_CXX_LANGUAGE_STANDARD = "gnu++0x";
				CLANG_CXX_LIBRARY = "libc++";
				CLANG_ENABLE_MODULES = YES;
				CLANG_ENABLE_OBJC_ARC = YES;
				CLANG_WARN_BOOL_CONVERSION = YES;
				CLANG_WARN_CONSTANT_CONVERSION = YES;
				CLANG_WARN_DIRECT_OBJC_ISA_USAGE = YES_ERROR;
				CLANG_WARN_DOCUMENTATION_COMMENTS = YES;
				CLANG_WARN_EMPTY_BODY = YES;
				CLANG_WARN_ENUM_CONVERSION = YES;
				CLANG_WARN_INFINITE_RECURSION = YES;
				CLANG_WARN_INT_CONVERSION = YES;
				CLANG_WARN_OBJC_ROOT_CLASS = YES_ERROR;
				CLANG_WARN_SUSPICIOUS_MOVE = YES;
				CLANG_WARN_UNREACHABLE_CODE = YES;
				CLANG_WARN__DUPLICATE_METHOD_MATCH = YES;
				"CODE_SIGN_IDENTITY[sdk=iphoneos*]" = "iPhone Developer";
				COPY_PHASE_STRIP = NO;
				DEBUG_INFORMATION_FORMAT = "dwarf-with-dsym";
				ENABLE_NS_ASSERTIONS = NO;
				ENABLE_STRICT_OBJC_MSGSEND = YES;
				GCC_C_LANGUAGE_STANDARD = gnu99;
				GCC_NO_COMMON_BLOCKS = YES;
				GCC_WARN_64_TO_32_BIT_CONVERSION = YES;
				GCC_WARN_ABOUT_RETURN_TYPE = YES_ERROR;
				GCC_WARN_UNDECLARED_SELECTOR = YES;
				GCC_WARN_UNINITIALIZED_AUTOS = YES_AGGRESSIVE;
				GCC_WARN_UNUSED_FUNCTION = YES;
				GCC_WARN_UNUSED_VARIABLE = YES;
				IPHONEOS_DEPLOYMENT_TARGET = 10.2;
				MTL_ENABLE_DEBUG_INFO = NO;
				SDKROOT = iphoneos;
				SWIFT_OPTIMIZATION_LEVEL = "-Owholemodule";
				VALIDATE_PRODUCT = YES;
			};
			name = Release;
		};
		5C7184E81E76BD4D0000C85A /* Debug */ = {
			isa = XCBuildConfiguration;
			buildSettings = {
				ASSETCATALOG_COMPILER_APPICON_NAME = AppIcon;
				DEVELOPMENT_TEAM = 68M9JL23T5;
				INFOPLIST_FILE = "iOS Example/Info.plist";
				IPHONEOS_DEPLOYMENT_TARGET = 9.0;
				LD_RUNPATH_SEARCH_PATHS = "$(inherited) @executable_path/Frameworks";
				PRODUCT_BUNDLE_IDENTIFIER = co.andersblehr.DataCache;
				PRODUCT_NAME = "$(TARGET_NAME)";
				SWIFT_VERSION = 3.0;
				TARGETED_DEVICE_FAMILY = "1,2";
			};
			name = Debug;
		};
		5C7184E91E76BD4D0000C85A /* Release */ = {
			isa = XCBuildConfiguration;
			buildSettings = {
				ASSETCATALOG_COMPILER_APPICON_NAME = AppIcon;
				DEVELOPMENT_TEAM = 68M9JL23T5;
				INFOPLIST_FILE = "iOS Example/Info.plist";
				IPHONEOS_DEPLOYMENT_TARGET = 9.0;
				LD_RUNPATH_SEARCH_PATHS = "$(inherited) @executable_path/Frameworks";
				PRODUCT_BUNDLE_IDENTIFIER = co.andersblehr.DataCache;
				PRODUCT_NAME = "$(TARGET_NAME)";
				SWIFT_VERSION = 3.0;
				TARGETED_DEVICE_FAMILY = "1,2";
			};
			name = Release;
		};
		5C7184EB1E76BD4D0000C85A /* Debug */ = {
			isa = XCBuildConfiguration;
			buildSettings = {
				ALWAYS_EMBED_SWIFT_STANDARD_LIBRARIES = YES;
				BUNDLE_LOADER = "$(TEST_HOST)";
				DEVELOPMENT_TEAM = 68M9JL23T5;
				INFOPLIST_FILE = DataCacheTests/Info.plist;
				LD_RUNPATH_SEARCH_PATHS = "$(inherited) @executable_path/Frameworks @loader_path/Frameworks";
				PRODUCT_BUNDLE_IDENTIFIER = co.andersblehr.DataCacheTests;
				PRODUCT_NAME = "$(TARGET_NAME)";
				SWIFT_VERSION = 3.0;
				TEST_HOST = "$(BUILT_PRODUCTS_DIR)/DataCache.app/DataCache";
			};
			name = Debug;
		};
		5C7184EC1E76BD4D0000C85A /* Release */ = {
			isa = XCBuildConfiguration;
			buildSettings = {
				ALWAYS_EMBED_SWIFT_STANDARD_LIBRARIES = YES;
				BUNDLE_LOADER = "$(TEST_HOST)";
				DEVELOPMENT_TEAM = 68M9JL23T5;
				INFOPLIST_FILE = DataCacheTests/Info.plist;
				LD_RUNPATH_SEARCH_PATHS = "$(inherited) @executable_path/Frameworks @loader_path/Frameworks";
				PRODUCT_BUNDLE_IDENTIFIER = co.andersblehr.DataCacheTests;
				PRODUCT_NAME = "$(TARGET_NAME)";
				SWIFT_VERSION = 3.0;
				TEST_HOST = "$(BUILT_PRODUCTS_DIR)/DataCache.app/DataCache";
			};
			name = Release;
		};
/* End XCBuildConfiguration section */

/* Begin XCConfigurationList section */
		5C7184C21E76BD4D0000C85A /* Build configuration list for PBXProject "DataCache" */ = {
			isa = XCConfigurationList;
			buildConfigurations = (
				5C7184E51E76BD4D0000C85A /* Debug */,
				5C7184E61E76BD4D0000C85A /* Release */,
			);
			defaultConfigurationIsVisible = 0;
			defaultConfigurationName = Release;
		};
		5C7184E71E76BD4D0000C85A /* Build configuration list for PBXNativeTarget "DataCache" */ = {
			isa = XCConfigurationList;
			buildConfigurations = (
				5C7184E81E76BD4D0000C85A /* Debug */,
				5C7184E91E76BD4D0000C85A /* Release */,
			);
			defaultConfigurationIsVisible = 0;
			defaultConfigurationName = Release;
		};
		5C7184EA1E76BD4D0000C85A /* Build configuration list for PBXNativeTarget "DataCacheTests" */ = {
			isa = XCConfigurationList;
			buildConfigurations = (
				5C7184EB1E76BD4D0000C85A /* Debug */,
				5C7184EC1E76BD4D0000C85A /* Release */,
			);
			defaultConfigurationIsVisible = 0;
			defaultConfigurationName = Release;
		};
/* End XCConfigurationList section */

/* Begin XCVersionGroup section */
		5C7184D11E76BD4D0000C85A /* DataCache.xcdatamodeld */ = {
			isa = XCVersionGroup;
			children = (
				5C7184D21E76BD4D0000C85A /* DataCache.xcdatamodel */,
			);
			currentVersion = 5C7184D21E76BD4D0000C85A /* DataCache.xcdatamodel */;
			path = DataCache.xcdatamodeld;
			sourceTree = "<group>";
			versionGroupType = wrapper.xcdatamodel;
		};
/* End XCVersionGroup section */
	};
	rootObject = 5C7184BF1E76BD4D0000C85A /* Project object */;
}
